
Microsoft Visual Studio Solution File, Format Version 12.00
# Visual Studio Version 16
VisualStudioVersion = 16.0.29209.152
MinimumVisualStudioVersion = 10.0.40219.1
Project("{9A19103F-16F7-4668-BE54-9A1E7A4F7556}") = "webApi", "webApi.csproj", "{C630DC1F-DD3C-4C92-BD16-A03338A4626A}"
EndProject
Project("{FAE04EC0-301F-11D3-BF4B-00C04F79EFBC}") = "XUnitTestProject1", "..\XUnitTestProject1\XUnitTestProject1.csproj", "{BE6862E7-70DA-4C59-95E9-D23B96429854}"
EndProject
Global
	GlobalSection(SolutionConfigurationPlatforms) = preSolution
		Debug|Any CPU = Debug|Any CPU
		Release|Any CPU = Release|Any CPU
	EndGlobalSection
	GlobalSection(ProjectConfigurationPlatforms) = postSolution
		{C630DC1F-DD3C-4C92-BD16-A03338A4626A}.Debug|Any CPU.ActiveCfg = Debug|Any CPU
		{C630DC1F-DD3C-4C92-BD16-A03338A4626A}.Debug|Any CPU.Build.0 = Debug|Any CPU
		{C630DC1F-DD3C-4C92-BD16-A03338A4626A}.Release|Any CPU.ActiveCfg = Release|Any CPU
		{C630DC1F-DD3C-4C92-BD16-A03338A4626A}.Release|Any CPU.Build.0 = Release|Any CPU
		{BE6862E7-70DA-4C59-95E9-D23B96429854}.Debug|Any CPU.ActiveCfg = Debug|Any CPU
		{BE6862E7-70DA-4C59-95E9-D23B96429854}.Debug|Any CPU.Build.0 = Debug|Any CPU
		{BE6862E7-70DA-4C59-95E9-D23B96429854}.Release|Any CPU.ActiveCfg = Release|Any CPU
		{BE6862E7-70DA-4C59-95E9-D23B96429854}.Release|Any CPU.Build.0 = Release|Any CPU
	EndGlobalSection
	GlobalSection(SolutionProperties) = preSolution
		HideSolutionNode = FALSE
	EndGlobalSection
	GlobalSection(ExtensibilityGlobals) = postSolution
		SolutionGuid = {232CC11C-32B5-4A6E-8558-21C5CFFE436C}
	EndGlobalSection
EndGlobal
